// !$*UTF8*$!
{
	archiveVersion = 1;
	classes = {
	};
	objectVersion = 46;
	objects = {

/* Begin PBXBuildFile section */
		1209023D1C5F6C3E00772CBA /* HUDHelper.swift in Sources */ = {isa = PBXBuildFile; fileRef = 1209023C1C5F6C3E00772CBA /* HUDHelper.swift */; };
		121924511C5A58C300A3D94E /* Array.swift in Sources */ = {isa = PBXBuildFile; fileRef = 121924421C5A58C300A3D94E /* Array.swift */; };
		121924521C5A58C300A3D94E /* Bool.swift in Sources */ = {isa = PBXBuildFile; fileRef = 121924431C5A58C300A3D94E /* Bool.swift */; };
		121924531C5A58C300A3D94E /* Character.swift in Sources */ = {isa = PBXBuildFile; fileRef = 121924441C5A58C300A3D94E /* Character.swift */; };
		121924541C5A58C300A3D94E /* Dictionary.swift in Sources */ = {isa = PBXBuildFile; fileRef = 121924451C5A58C300A3D94E /* Dictionary.swift */; };
		121924551C5A58C300A3D94E /* Double.swift in Sources */ = {isa = PBXBuildFile; fileRef = 121924461C5A58C300A3D94E /* Double.swift */; };
		121924561C5A58C300A3D94E /* ExSwift.swift in Sources */ = {isa = PBXBuildFile; fileRef = 121924481C5A58C300A3D94E /* ExSwift.swift */; };
		121924571C5A58C300A3D94E /* Float.swift in Sources */ = {isa = PBXBuildFile; fileRef = 121924491C5A58C300A3D94E /* Float.swift */; };
		121924581C5A58C300A3D94E /* Int.swift in Sources */ = {isa = PBXBuildFile; fileRef = 1219244A1C5A58C300A3D94E /* Int.swift */; };
		121924591C5A58C300A3D94E /* NSArray.swift in Sources */ = {isa = PBXBuildFile; fileRef = 1219244B1C5A58C300A3D94E /* NSArray.swift */; };
		1219245A1C5A58C300A3D94E /* NSDate.swift in Sources */ = {isa = PBXBuildFile; fileRef = 1219244C1C5A58C300A3D94E /* NSDate.swift */; };
		1219245B1C5A58C300A3D94E /* Range.swift in Sources */ = {isa = PBXBuildFile; fileRef = 1219244D1C5A58C300A3D94E /* Range.swift */; };
		1219245C1C5A58C300A3D94E /* Sequence.swift in Sources */ = {isa = PBXBuildFile; fileRef = 1219244E1C5A58C300A3D94E /* Sequence.swift */; };
		1219245D1C5A58C300A3D94E /* String.swift in Sources */ = {isa = PBXBuildFile; fileRef = 1219244F1C5A58C300A3D94E /* String.swift */; };
		1219245E1C5A58C300A3D94E /* UIColorExtension.swift in Sources */ = {isa = PBXBuildFile; fileRef = 121924501C5A58C300A3D94E /* UIColorExtension.swift */; };
		127C7FE91C5B98930091837D /* RegisterViewController.swift in Sources */ = {isa = PBXBuildFile; fileRef = 127C7FE81C5B98930091837D /* RegisterViewController.swift */; };
		127C7FEB1C5B98B10091837D /* UserInfoManager.swift in Sources */ = {isa = PBXBuildFile; fileRef = 127C7FEA1C5B98B10091837D /* UserInfoManager.swift */; };
		127C7FED1C5B98B80091837D /* LoginViewController.swift in Sources */ = {isa = PBXBuildFile; fileRef = 127C7FEC1C5B98B80091837D /* LoginViewController.swift */; };
		127C7FEF1C5B9BF70091837D /* UIButton.swift in Sources */ = {isa = PBXBuildFile; fileRef = 127C7FEE1C5B9BF70091837D /* UIButton.swift */; };
		128027191C5604BA00C76EA6 /* AppDelegate.swift in Sources */ = {isa = PBXBuildFile; fileRef = 128027181C5604BA00C76EA6 /* AppDelegate.swift */; };
		1280271B1C5604BA00C76EA6 /* ViewController.swift in Sources */ = {isa = PBXBuildFile; fileRef = 1280271A1C5604BA00C76EA6 /* ViewController.swift */; };
		1280271E1C5604BA00C76EA6 /* Main.storyboard in Resources */ = {isa = PBXBuildFile; fileRef = 1280271C1C5604BA00C76EA6 /* Main.storyboard */; };
		128027201C5604BA00C76EA6 /* Assets.xcassets in Resources */ = {isa = PBXBuildFile; fileRef = 1280271F1C5604BA00C76EA6 /* Assets.xcassets */; };
		128027231C5604BA00C76EA6 /* LaunchScreen.storyboard in Resources */ = {isa = PBXBuildFile; fileRef = 128027211C5604BA00C76EA6 /* LaunchScreen.storyboard */; };
		1280272E1C5604BA00C76EA6 /* LoyaltyTests.swift in Sources */ = {isa = PBXBuildFile; fileRef = 1280272D1C5604BA00C76EA6 /* LoyaltyTests.swift */; };
		128027391C5604BA00C76EA6 /* LoyaltyUITests.swift in Sources */ = {isa = PBXBuildFile; fileRef = 128027381C5604BA00C76EA6 /* LoyaltyUITests.swift */; };
		1280274A1C5607C300C76EA6 /* LeanCloudHelper.swift in Sources */ = {isa = PBXBuildFile; fileRef = 128027491C5607C300C76EA6 /* LeanCloudHelper.swift */; };
		128027971C58BCED00C76EA6 /* UserCenterStoryboard.storyboard in Resources */ = {isa = PBXBuildFile; fileRef = 128027961C58BCED00C76EA6 /* UserCenterStoryboard.storyboard */; };
		128027991C58BD3800C76EA6 /* MessageStoryboard.storyboard in Resources */ = {isa = PBXBuildFile; fileRef = 128027981C58BD3800C76EA6 /* MessageStoryboard.storyboard */; };
		1280279B1C58BD6000C76EA6 /* CardStoryboard.storyboard in Resources */ = {isa = PBXBuildFile; fileRef = 1280279A1C58BD6000C76EA6 /* CardStoryboard.storyboard */; };
		1280279D1C58BD9100C76EA6 /* ActivityStoryboard.storyboard in Resources */ = {isa = PBXBuildFile; fileRef = 1280279C1C58BD9100C76EA6 /* ActivityStoryboard.storyboard */; };
		1280279F1C58C25F00C76EA6 /* AppearanceTool.swift in Sources */ = {isa = PBXBuildFile; fileRef = 1280279E1C58C25F00C76EA6 /* AppearanceTool.swift */; };
		128027A21C58C2C800C76EA6 /* UIImage.swift in Sources */ = {isa = PBXBuildFile; fileRef = 128027A11C58C2C800C76EA6 /* UIImage.swift */; };
		128027AC1C58C41B00C76EA6 /* CustomColor.swift in Sources */ = {isa = PBXBuildFile; fileRef = 128027AB1C58C41B00C76EA6 /* CustomColor.swift */; };
		128027AE1C58CAEE00C76EA6 /* ActivityRootViewController.swift in Sources */ = {isa = PBXBuildFile; fileRef = 128027AD1C58CAEE00C76EA6 /* ActivityRootViewController.swift */; };
		128027B11C58D6AA00C76EA6 /* Log.swift in Sources */ = {isa = PBXBuildFile; fileRef = 128027B01C58D6AA00C76EA6 /* Log.swift */; };
		128027B51C58DA2500C76EA6 /* ActivityListViewController.swift in Sources */ = {isa = PBXBuildFile; fileRef = 128027B41C58DA2500C76EA6 /* ActivityListViewController.swift */; };
		128027B91C58DACD00C76EA6 /* ActivityTableViewCell.swift in Sources */ = {isa = PBXBuildFile; fileRef = 128027B71C58DACD00C76EA6 /* ActivityTableViewCell.swift */; };
		128027BA1C58DACD00C76EA6 /* ActivityTableViewCell.xib in Resources */ = {isa = PBXBuildFile; fileRef = 128027B81C58DACD00C76EA6 /* ActivityTableViewCell.xib */; };
		128027BF1C58E10400C76EA6 /* ActivityListViewModel.swift in Sources */ = {isa = PBXBuildFile; fileRef = 128027BE1C58E10400C76EA6 /* ActivityListViewModel.swift */; };
		128027C71C58E75900C76EA6 /* Activity.swift in Sources */ = {isa = PBXBuildFile; fileRef = 128027C61C58E75900C76EA6 /* Activity.swift */; };
		128027C91C58F10300C76EA6 /* UIViewController.swift in Sources */ = {isa = PBXBuildFile; fileRef = 128027C81C58F10300C76EA6 /* UIViewController.swift */; };
		128027CB1C58F43500C76EA6 /* CellReusable.swift in Sources */ = {isa = PBXBuildFile; fileRef = 128027CA1C58F43500C76EA6 /* CellReusable.swift */; };
		128027F51C5A315F00C76EA6 /* LoginAndRegisterStoryboard.storyboard in Resources */ = {isa = PBXBuildFile; fileRef = 128027F41C5A315F00C76EA6 /* LoginAndRegisterStoryboard.storyboard */; };
		BFF64A03293D1E13F4D1B064 /* Pods_Loyalty.framework in Frameworks */ = {isa = PBXBuildFile; fileRef = CB093EE9375969490990D8C2 /* Pods_Loyalty.framework */; };
/* End PBXBuildFile section */

/* Begin PBXContainerItemProxy section */
		1280272A1C5604BA00C76EA6 /* PBXContainerItemProxy */ = {
			isa = PBXContainerItemProxy;
			containerPortal = 1280270D1C5604BA00C76EA6 /* Project object */;
			proxyType = 1;
			remoteGlobalIDString = 128027141C5604BA00C76EA6;
			remoteInfo = Loyalty;
		};
		128027351C5604BA00C76EA6 /* PBXContainerItemProxy */ = {
			isa = PBXContainerItemProxy;
			containerPortal = 1280270D1C5604BA00C76EA6 /* Project object */;
			proxyType = 1;
			remoteGlobalIDString = 128027141C5604BA00C76EA6;
			remoteInfo = Loyalty;
		};
/* End PBXContainerItemProxy section */

/* Begin PBXFileReference section */
		1209023C1C5F6C3E00772CBA /* HUDHelper.swift */ = {isa = PBXFileReference; fileEncoding = 4; lastKnownFileType = sourcecode.swift; name = HUDHelper.swift; path = Tools/HUDHelper.swift; sourceTree = "<group>"; };
		121924421C5A58C300A3D94E /* Array.swift */ = {isa = PBXFileReference; fileEncoding = 4; lastKnownFileType = sourcecode.swift; path = Array.swift; sourceTree = "<group>"; };
		121924431C5A58C300A3D94E /* Bool.swift */ = {isa = PBXFileReference; fileEncoding = 4; lastKnownFileType = sourcecode.swift; path = Bool.swift; sourceTree = "<group>"; };
		121924441C5A58C300A3D94E /* Character.swift */ = {isa = PBXFileReference; fileEncoding = 4; lastKnownFileType = sourcecode.swift; path = Character.swift; sourceTree = "<group>"; };
		121924451C5A58C300A3D94E /* Dictionary.swift */ = {isa = PBXFileReference; fileEncoding = 4; lastKnownFileType = sourcecode.swift; path = Dictionary.swift; sourceTree = "<group>"; };
		121924461C5A58C300A3D94E /* Double.swift */ = {isa = PBXFileReference; fileEncoding = 4; lastKnownFileType = sourcecode.swift; path = Double.swift; sourceTree = "<group>"; };
		121924471C5A58C300A3D94E /* ExSwift.h */ = {isa = PBXFileReference; fileEncoding = 4; lastKnownFileType = sourcecode.c.h; path = ExSwift.h; sourceTree = "<group>"; };
		121924481C5A58C300A3D94E /* ExSwift.swift */ = {isa = PBXFileReference; fileEncoding = 4; lastKnownFileType = sourcecode.swift; path = ExSwift.swift; sourceTree = "<group>"; };
		121924491C5A58C300A3D94E /* Float.swift */ = {isa = PBXFileReference; fileEncoding = 4; lastKnownFileType = sourcecode.swift; path = Float.swift; sourceTree = "<group>"; };
		1219244A1C5A58C300A3D94E /* Int.swift */ = {isa = PBXFileReference; fileEncoding = 4; lastKnownFileType = sourcecode.swift; path = Int.swift; sourceTree = "<group>"; };
		1219244B1C5A58C300A3D94E /* NSArray.swift */ = {isa = PBXFileReference; fileEncoding = 4; lastKnownFileType = sourcecode.swift; path = NSArray.swift; sourceTree = "<group>"; };
		1219244C1C5A58C300A3D94E /* NSDate.swift */ = {isa = PBXFileReference; fileEncoding = 4; lastKnownFileType = sourcecode.swift; path = NSDate.swift; sourceTree = "<group>"; };
		1219244D1C5A58C300A3D94E /* Range.swift */ = {isa = PBXFileReference; fileEncoding = 4; lastKnownFileType = sourcecode.swift; path = Range.swift; sourceTree = "<group>"; };
		1219244E1C5A58C300A3D94E /* Sequence.swift */ = {isa = PBXFileReference; fileEncoding = 4; lastKnownFileType = sourcecode.swift; path = Sequence.swift; sourceTree = "<group>"; };
		1219244F1C5A58C300A3D94E /* String.swift */ = {isa = PBXFileReference; fileEncoding = 4; lastKnownFileType = sourcecode.swift; path = String.swift; sourceTree = "<group>"; };
		121924501C5A58C300A3D94E /* UIColorExtension.swift */ = {isa = PBXFileReference; fileEncoding = 4; lastKnownFileType = sourcecode.swift; path = UIColorExtension.swift; sourceTree = "<group>"; };
		127C7FE81C5B98930091837D /* RegisterViewController.swift */ = {isa = PBXFileReference; fileEncoding = 4; lastKnownFileType = sourcecode.swift; name = RegisterViewController.swift; path = LoginAndRegister/Controller/RegisterViewController.swift; sourceTree = "<group>"; };
		127C7FEA1C5B98B10091837D /* UserInfoManager.swift */ = {isa = PBXFileReference; fileEncoding = 4; lastKnownFileType = sourcecode.swift; name = UserInfoManager.swift; path = LoginAndRegister/Model/UserInfoManager.swift; sourceTree = "<group>"; };
		127C7FEC1C5B98B80091837D /* LoginViewController.swift */ = {isa = PBXFileReference; fileEncoding = 4; lastKnownFileType = sourcecode.swift; name = LoginViewController.swift; path = LoginAndRegister/Controller/LoginViewController.swift; sourceTree = "<group>"; };
		127C7FEE1C5B9BF70091837D /* UIButton.swift */ = {isa = PBXFileReference; fileEncoding = 4; lastKnownFileType = sourcecode.swift; name = UIButton.swift; path = Extension/UIButton.swift; sourceTree = "<group>"; };
		128027151C5604BA00C76EA6 /* Loyalty.app */ = {isa = PBXFileReference; explicitFileType = wrapper.application; includeInIndex = 0; path = Loyalty.app; sourceTree = BUILT_PRODUCTS_DIR; };
		128027181C5604BA00C76EA6 /* AppDelegate.swift */ = {isa = PBXFileReference; lastKnownFileType = sourcecode.swift; path = AppDelegate.swift; sourceTree = "<group>"; };
		1280271A1C5604BA00C76EA6 /* ViewController.swift */ = {isa = PBXFileReference; lastKnownFileType = sourcecode.swift; path = ViewController.swift; sourceTree = "<group>"; };
		1280271D1C5604BA00C76EA6 /* Base */ = {isa = PBXFileReference; lastKnownFileType = file.storyboard; name = Base; path = Base.lproj/Main.storyboard; sourceTree = "<group>"; };
		1280271F1C5604BA00C76EA6 /* Assets.xcassets */ = {isa = PBXFileReference; lastKnownFileType = folder.assetcatalog; path = Assets.xcassets; sourceTree = "<group>"; };
		128027221C5604BA00C76EA6 /* Base */ = {isa = PBXFileReference; lastKnownFileType = file.storyboard; name = Base; path = Base.lproj/LaunchScreen.storyboard; sourceTree = "<group>"; };
		128027241C5604BA00C76EA6 /* Info.plist */ = {isa = PBXFileReference; lastKnownFileType = text.plist.xml; path = Info.plist; sourceTree = "<group>"; };
		128027291C5604BA00C76EA6 /* LoyaltyTests.xctest */ = {isa = PBXFileReference; explicitFileType = wrapper.cfbundle; includeInIndex = 0; path = LoyaltyTests.xctest; sourceTree = BUILT_PRODUCTS_DIR; };
		1280272D1C5604BA00C76EA6 /* LoyaltyTests.swift */ = {isa = PBXFileReference; lastKnownFileType = sourcecode.swift; path = LoyaltyTests.swift; sourceTree = "<group>"; };
		1280272F1C5604BA00C76EA6 /* Info.plist */ = {isa = PBXFileReference; lastKnownFileType = text.plist.xml; path = Info.plist; sourceTree = "<group>"; };
		128027341C5604BA00C76EA6 /* LoyaltyUITests.xctest */ = {isa = PBXFileReference; explicitFileType = wrapper.cfbundle; includeInIndex = 0; path = LoyaltyUITests.xctest; sourceTree = BUILT_PRODUCTS_DIR; };
		128027381C5604BA00C76EA6 /* LoyaltyUITests.swift */ = {isa = PBXFileReference; lastKnownFileType = sourcecode.swift; path = LoyaltyUITests.swift; sourceTree = "<group>"; };
		1280273A1C5604BA00C76EA6 /* Info.plist */ = {isa = PBXFileReference; lastKnownFileType = text.plist.xml; path = Info.plist; sourceTree = "<group>"; };
		128027491C5607C300C76EA6 /* LeanCloudHelper.swift */ = {isa = PBXFileReference; fileEncoding = 4; lastKnownFileType = sourcecode.swift; name = LeanCloudHelper.swift; path = Tools/LeanCloudHelper.swift; sourceTree = "<group>"; };
		128027961C58BCED00C76EA6 /* UserCenterStoryboard.storyboard */ = {isa = PBXFileReference; fileEncoding = 4; lastKnownFileType = file.storyboard; name = UserCenterStoryboard.storyboard; path = Setting/UserCenterStoryboard.storyboard; sourceTree = "<group>"; };
		128027981C58BD3800C76EA6 /* MessageStoryboard.storyboard */ = {isa = PBXFileReference; fileEncoding = 4; lastKnownFileType = file.storyboard; name = MessageStoryboard.storyboard; path = Message/MessageStoryboard.storyboard; sourceTree = "<group>"; };
		1280279A1C58BD6000C76EA6 /* CardStoryboard.storyboard */ = {isa = PBXFileReference; fileEncoding = 4; lastKnownFileType = file.storyboard; name = CardStoryboard.storyboard; path = Cards/CardStoryboard.storyboard; sourceTree = "<group>"; };
		1280279C1C58BD9100C76EA6 /* ActivityStoryboard.storyboard */ = {isa = PBXFileReference; fileEncoding = 4; lastKnownFileType = file.storyboard; name = ActivityStoryboard.storyboard; path = Activity/ActivityStoryboard.storyboard; sourceTree = "<group>"; };
		1280279E1C58C25F00C76EA6 /* AppearanceTool.swift */ = {isa = PBXFileReference; fileEncoding = 4; lastKnownFileType = sourcecode.swift; name = AppearanceTool.swift; path = Tools/AppearanceTool.swift; sourceTree = "<group>"; };
		128027A11C58C2C800C76EA6 /* UIImage.swift */ = {isa = PBXFileReference; fileEncoding = 4; lastKnownFileType = sourcecode.swift; name = UIImage.swift; path = Extension/UIImage.swift; sourceTree = "<group>"; };
		128027AB1C58C41B00C76EA6 /* CustomColor.swift */ = {isa = PBXFileReference; fileEncoding = 4; lastKnownFileType = sourcecode.swift; name = CustomColor.swift; path = Extension/CustomColor.swift; sourceTree = "<group>"; };
		128027AD1C58CAEE00C76EA6 /* ActivityRootViewController.swift */ = {isa = PBXFileReference; fileEncoding = 4; lastKnownFileType = sourcecode.swift; name = ActivityRootViewController.swift; path = Activity/ActivityRootViewController.swift; sourceTree = "<group>"; };
		128027B01C58D6AA00C76EA6 /* Log.swift */ = {isa = PBXFileReference; fileEncoding = 4; lastKnownFileType = sourcecode.swift; name = Log.swift; path = Tools/Log.swift; sourceTree = "<group>"; };
		128027B41C58DA2500C76EA6 /* ActivityListViewController.swift */ = {isa = PBXFileReference; fileEncoding = 4; lastKnownFileType = sourcecode.swift; name = ActivityListViewController.swift; path = Activity/ActivityListViewController.swift; sourceTree = "<group>"; };
		128027B71C58DACD00C76EA6 /* ActivityTableViewCell.swift */ = {isa = PBXFileReference; fileEncoding = 4; lastKnownFileType = sourcecode.swift; name = ActivityTableViewCell.swift; path = Activity/Views/ActivityTableViewCell.swift; sourceTree = "<group>"; };
		128027B81C58DACD00C76EA6 /* ActivityTableViewCell.xib */ = {isa = PBXFileReference; fileEncoding = 4; lastKnownFileType = file.xib; name = ActivityTableViewCell.xib; path = Activity/Views/ActivityTableViewCell.xib; sourceTree = "<group>"; };
		128027BE1C58E10400C76EA6 /* ActivityListViewModel.swift */ = {isa = PBXFileReference; fileEncoding = 4; lastKnownFileType = sourcecode.swift; name = ActivityListViewModel.swift; path = Activity/ViewModels/ActivityListViewModel.swift; sourceTree = "<group>"; };
		128027C61C58E75900C76EA6 /* Activity.swift */ = {isa = PBXFileReference; fileEncoding = 4; lastKnownFileType = sourcecode.swift; name = Activity.swift; path = Activity/Models/Activity.swift; sourceTree = "<group>"; };
		128027C81C58F10300C76EA6 /* UIViewController.swift */ = {isa = PBXFileReference; fileEncoding = 4; lastKnownFileType = sourcecode.swift; name = UIViewController.swift; path = Extension/UIViewController.swift; sourceTree = "<group>"; };
		128027CA1C58F43500C76EA6 /* CellReusable.swift */ = {isa = PBXFileReference; fileEncoding = 4; lastKnownFileType = sourcecode.swift; name = CellReusable.swift; path = Protocal/CellReusable.swift; sourceTree = "<group>"; };
		128027F41C5A315F00C76EA6 /* LoginAndRegisterStoryboard.storyboard */ = {isa = PBXFileReference; fileEncoding = 4; lastKnownFileType = file.storyboard; name = LoginAndRegisterStoryboard.storyboard; path = LoginAndRegister/LoginAndRegisterStoryboard.storyboard; sourceTree = "<group>"; };
		4C5E4EFABBD3AD50FA90C4C9 /* Pods-Loyalty.release.xcconfig */ = {isa = PBXFileReference; includeInIndex = 1; lastKnownFileType = text.xcconfig; name = "Pods-Loyalty.release.xcconfig"; path = "Pods/Target Support Files/Pods-Loyalty/Pods-Loyalty.release.xcconfig"; sourceTree = "<group>"; };
		5529915222D38804DCFF3E14 /* Pods-Loyalty.debug.xcconfig */ = {isa = PBXFileReference; includeInIndex = 1; lastKnownFileType = text.xcconfig; name = "Pods-Loyalty.debug.xcconfig"; path = "Pods/Target Support Files/Pods-Loyalty/Pods-Loyalty.debug.xcconfig"; sourceTree = "<group>"; };
		CB093EE9375969490990D8C2 /* Pods_Loyalty.framework */ = {isa = PBXFileReference; explicitFileType = wrapper.framework; includeInIndex = 0; path = Pods_Loyalty.framework; sourceTree = BUILT_PRODUCTS_DIR; };
/* End PBXFileReference section */

/* Begin PBXFrameworksBuildPhase section */
		128027121C5604BA00C76EA6 /* Frameworks */ = {
			isa = PBXFrameworksBuildPhase;
			buildActionMask = 2147483647;
			files = (
				BFF64A03293D1E13F4D1B064 /* Pods_Loyalty.framework in Frameworks */,
			);
			runOnlyForDeploymentPostprocessing = 0;
		};
		128027261C5604BA00C76EA6 /* Frameworks */ = {
			isa = PBXFrameworksBuildPhase;
			buildActionMask = 2147483647;
			files = (
			);
			runOnlyForDeploymentPostprocessing = 0;
		};
		128027311C5604BA00C76EA6 /* Frameworks */ = {
			isa = PBXFrameworksBuildPhase;
			buildActionMask = 2147483647;
			files = (
			);
			runOnlyForDeploymentPostprocessing = 0;
		};
/* End PBXFrameworksBuildPhase section */

/* Begin PBXGroup section */
		121924411C5A58C300A3D94E /* ExSwift */ = {
			isa = PBXGroup;
			children = (
				121924421C5A58C300A3D94E /* Array.swift */,
				121924431C5A58C300A3D94E /* Bool.swift */,
				121924441C5A58C300A3D94E /* Character.swift */,
				121924451C5A58C300A3D94E /* Dictionary.swift */,
				121924461C5A58C300A3D94E /* Double.swift */,
				121924471C5A58C300A3D94E /* ExSwift.h */,
				121924481C5A58C300A3D94E /* ExSwift.swift */,
				121924491C5A58C300A3D94E /* Float.swift */,
				1219244A1C5A58C300A3D94E /* Int.swift */,
				1219244B1C5A58C300A3D94E /* NSArray.swift */,
				1219244C1C5A58C300A3D94E /* NSDate.swift */,
				1219244D1C5A58C300A3D94E /* Range.swift */,
				1219244E1C5A58C300A3D94E /* Sequence.swift */,
				1219244F1C5A58C300A3D94E /* String.swift */,
				121924501C5A58C300A3D94E /* UIColorExtension.swift */,
			);
			name = ExSwift;
			path = Vendor/ExSwift;
			sourceTree = "<group>";
		};
		127C7FE61C5B98470091837D /* Controller */ = {
			isa = PBXGroup;
			children = (
				127C7FEC1C5B98B80091837D /* LoginViewController.swift */,
				127C7FE81C5B98930091837D /* RegisterViewController.swift */,
			);
			name = Controller;
			sourceTree = "<group>";
		};
		127C7FE71C5B985C0091837D /* Model */ = {
			isa = PBXGroup;
			children = (
				127C7FEA1C5B98B10091837D /* UserInfoManager.swift */,
			);
			name = Model;
			sourceTree = "<group>";
		};
		1280270C1C5604BA00C76EA6 = {
			isa = PBXGroup;
			children = (
				128027171C5604BA00C76EA6 /* Loyalty */,
				1280272C1C5604BA00C76EA6 /* LoyaltyTests */,
				128027371C5604BA00C76EA6 /* LoyaltyUITests */,
				128027161C5604BA00C76EA6 /* Products */,
				5A8F558AFBD4D8E46BD2BAD2 /* Pods */,
				2B61B791351F9FB889F6AC3D /* Frameworks */,
			);
			sourceTree = "<group>";
		};
		128027161C5604BA00C76EA6 /* Products */ = {
			isa = PBXGroup;
			children = (
				128027151C5604BA00C76EA6 /* Loyalty.app */,
				128027291C5604BA00C76EA6 /* LoyaltyTests.xctest */,
				128027341C5604BA00C76EA6 /* LoyaltyUITests.xctest */,
			);
			name = Products;
			sourceTree = "<group>";
		};
		128027171C5604BA00C76EA6 /* Loyalty */ = {
			isa = PBXGroup;
			children = (
				128027AF1C58CB5500C76EA6 /* Section */,
				128027A51C58C36400C76EA6 /* Vendor */,
				128027A01C58C2B700C76EA6 /* Extension */,
				128027461C56079200C76EA6 /* Tools */,
				128027181C5604BA00C76EA6 /* AppDelegate.swift */,
				1280271A1C5604BA00C76EA6 /* ViewController.swift */,
				1280271F1C5604BA00C76EA6 /* Assets.xcassets */,
				128027211C5604BA00C76EA6 /* LaunchScreen.storyboard */,
				128027241C5604BA00C76EA6 /* Info.plist */,
			);
			path = Loyalty;
			sourceTree = "<group>";
		};
		1280272C1C5604BA00C76EA6 /* LoyaltyTests */ = {
			isa = PBXGroup;
			children = (
				1280272D1C5604BA00C76EA6 /* LoyaltyTests.swift */,
				1280272F1C5604BA00C76EA6 /* Info.plist */,
			);
			path = LoyaltyTests;
			sourceTree = "<group>";
		};
		128027371C5604BA00C76EA6 /* LoyaltyUITests */ = {
			isa = PBXGroup;
			children = (
				128027381C5604BA00C76EA6 /* LoyaltyUITests.swift */,
				1280273A1C5604BA00C76EA6 /* Info.plist */,
			);
			path = LoyaltyUITests;
			sourceTree = "<group>";
		};
		128027461C56079200C76EA6 /* Tools */ = {
			isa = PBXGroup;
			children = (
				1209023C1C5F6C3E00772CBA /* HUDHelper.swift */,
				128027491C5607C300C76EA6 /* LeanCloudHelper.swift */,
				1280279E1C58C25F00C76EA6 /* AppearanceTool.swift */,
				128027B01C58D6AA00C76EA6 /* Log.swift */,
			);
			name = Tools;
			sourceTree = "<group>";
		};
		128027911C58BC9900C76EA6 /* Main */ = {
			isa = PBXGroup;
			children = (
				1280271C1C5604BA00C76EA6 /* Main.storyboard */,
			);
			name = Main;
			sourceTree = "<group>";
		};
		128027921C58BCA300C76EA6 /* Activity */ = {
			isa = PBXGroup;
			children = (
				128027C51C58E74600C76EA6 /* Models */,
				128027BB1C58DF3E00C76EA6 /* ViewModels */,
				128027B61C58DAA300C76EA6 /* Views */,
				1280279C1C58BD9100C76EA6 /* ActivityStoryboard.storyboard */,
				128027AD1C58CAEE00C76EA6 /* ActivityRootViewController.swift */,
				128027B41C58DA2500C76EA6 /* ActivityListViewController.swift */,
			);
			name = Activity;
			sourceTree = "<group>";
		};
		128027931C58BCAC00C76EA6 /* LoyaltyCards */ = {
			isa = PBXGroup;
			children = (
				1280279A1C58BD6000C76EA6 /* CardStoryboard.storyboard */,
			);
			name = LoyaltyCards;
			sourceTree = "<group>";
		};
		128027941C58BCB900C76EA6 /* Message */ = {
			isa = PBXGroup;
			children = (
				128027981C58BD3800C76EA6 /* MessageStoryboard.storyboard */,
			);
			name = Message;
			sourceTree = "<group>";
		};
		128027951C58BCC000C76EA6 /* Setting */ = {
			isa = PBXGroup;
			children = (
				128027961C58BCED00C76EA6 /* UserCenterStoryboard.storyboard */,
			);
			name = Setting;
			sourceTree = "<group>";
		};
		128027A01C58C2B700C76EA6 /* Extension */ = {
			isa = PBXGroup;
			children = (
				128027A11C58C2C800C76EA6 /* UIImage.swift */,
				128027AB1C58C41B00C76EA6 /* CustomColor.swift */,
				128027C81C58F10300C76EA6 /* UIViewController.swift */,
				127C7FEE1C5B9BF70091837D /* UIButton.swift */,
			);
			name = Extension;
			sourceTree = "<group>";
		};
		128027A51C58C36400C76EA6 /* Vendor */ = {
			isa = PBXGroup;
			children = (
				121924411C5A58C300A3D94E /* ExSwift */,
			);
			name = Vendor;
			sourceTree = "<group>";
		};
		128027AF1C58CB5500C76EA6 /* Section */ = {
			isa = PBXGroup;
			children = (
				128027F11C5A30DD00C76EA6 /* LoginAndRegister */,
				128027C21C58E36600C76EA6 /* Protocal */,
				128027951C58BCC000C76EA6 /* Setting */,
				128027941C58BCB900C76EA6 /* Message */,
				128027931C58BCAC00C76EA6 /* LoyaltyCards */,
				128027921C58BCA300C76EA6 /* Activity */,
				128027911C58BC9900C76EA6 /* Main */,
			);
			name = Section;
			sourceTree = "<group>";
		};
		128027B61C58DAA300C76EA6 /* Views */ = {
			isa = PBXGroup;
			children = (
				128027B71C58DACD00C76EA6 /* ActivityTableViewCell.swift */,
				128027B81C58DACD00C76EA6 /* ActivityTableViewCell.xib */,
			);
			name = Views;
			sourceTree = "<group>";
		};
		128027BB1C58DF3E00C76EA6 /* ViewModels */ = {
			isa = PBXGroup;
			children = (
				128027BE1C58E10400C76EA6 /* ActivityListViewModel.swift */,
			);
			name = ViewModels;
			sourceTree = "<group>";
		};
		128027C21C58E36600C76EA6 /* Protocal */ = {
			isa = PBXGroup;
			children = (
				128027CA1C58F43500C76EA6 /* CellReusable.swift */,
			);
			name = Protocal;
			sourceTree = "<group>";
		};
		128027C51C58E74600C76EA6 /* Models */ = {
			isa = PBXGroup;
			children = (
				128027C61C58E75900C76EA6 /* Activity.swift */,
			);
			name = Models;
			sourceTree = "<group>";
		};
		128027F11C5A30DD00C76EA6 /* LoginAndRegister */ = {
			isa = PBXGroup;
			children = (
				127C7FE71C5B985C0091837D /* Model */,
				127C7FE61C5B98470091837D /* Controller */,
				128027F41C5A315F00C76EA6 /* LoginAndRegisterStoryboard.storyboard */,
			);
			name = LoginAndRegister;
			sourceTree = "<group>";
		};
		2B61B791351F9FB889F6AC3D /* Frameworks */ = {
			isa = PBXGroup;
			children = (
				CB093EE9375969490990D8C2 /* Pods_Loyalty.framework */,
			);
			name = Frameworks;
			sourceTree = "<group>";
		};
		5A8F558AFBD4D8E46BD2BAD2 /* Pods */ = {
			isa = PBXGroup;
			children = (
				5529915222D38804DCFF3E14 /* Pods-Loyalty.debug.xcconfig */,
				4C5E4EFABBD3AD50FA90C4C9 /* Pods-Loyalty.release.xcconfig */,
			);
			name = Pods;
			sourceTree = "<group>";
		};
/* End PBXGroup section */

/* Begin PBXNativeTarget section */
		128027141C5604BA00C76EA6 /* Loyalty */ = {
			isa = PBXNativeTarget;
			buildConfigurationList = 1280273D1C5604BA00C76EA6 /* Build configuration list for PBXNativeTarget "Loyalty" */;
			buildPhases = (
				27C9F87E0CA25A44D2C27017 /* Check Pods Manifest.lock */,
				128027111C5604BA00C76EA6 /* Sources */,
				128027121C5604BA00C76EA6 /* Frameworks */,
				128027131C5604BA00C76EA6 /* Resources */,
				615F0E56DA8D4D906C848E26 /* Embed Pods Frameworks */,
				2E2B179105CD17BF8E2073DD /* Copy Pods Resources */,
			);
			buildRules = (
			);
			dependencies = (
			);
			name = Loyalty;
			productName = Loyalty;
			productReference = 128027151C5604BA00C76EA6 /* Loyalty.app */;
			productType = "com.apple.product-type.application";
		};
		128027281C5604BA00C76EA6 /* LoyaltyTests */ = {
			isa = PBXNativeTarget;
			buildConfigurationList = 128027401C5604BA00C76EA6 /* Build configuration list for PBXNativeTarget "LoyaltyTests" */;
			buildPhases = (
				128027251C5604BA00C76EA6 /* Sources */,
				128027261C5604BA00C76EA6 /* Frameworks */,
				128027271C5604BA00C76EA6 /* Resources */,
			);
			buildRules = (
			);
			dependencies = (
				1280272B1C5604BA00C76EA6 /* PBXTargetDependency */,
			);
			name = LoyaltyTests;
			productName = LoyaltyTests;
			productReference = 128027291C5604BA00C76EA6 /* LoyaltyTests.xctest */;
			productType = "com.apple.product-type.bundle.unit-test";
		};
		128027331C5604BA00C76EA6 /* LoyaltyUITests */ = {
			isa = PBXNativeTarget;
			buildConfigurationList = 128027431C5604BA00C76EA6 /* Build configuration list for PBXNativeTarget "LoyaltyUITests" */;
			buildPhases = (
				128027301C5604BA00C76EA6 /* Sources */,
				128027311C5604BA00C76EA6 /* Frameworks */,
				128027321C5604BA00C76EA6 /* Resources */,
			);
			buildRules = (
			);
			dependencies = (
				128027361C5604BA00C76EA6 /* PBXTargetDependency */,
			);
			name = LoyaltyUITests;
			productName = LoyaltyUITests;
			productReference = 128027341C5604BA00C76EA6 /* LoyaltyUITests.xctest */;
			productType = "com.apple.product-type.bundle.ui-testing";
		};
/* End PBXNativeTarget section */

/* Begin PBXProject section */
		1280270D1C5604BA00C76EA6 /* Project object */ = {
			isa = PBXProject;
			attributes = {
				LastSwiftUpdateCheck = 0720;
				LastUpgradeCheck = 0720;
				ORGANIZATIONNAME = WangKun;
				TargetAttributes = {
					128027141C5604BA00C76EA6 = {
						CreatedOnToolsVersion = 7.2;
					};
					128027281C5604BA00C76EA6 = {
						CreatedOnToolsVersion = 7.2;
						TestTargetID = 128027141C5604BA00C76EA6;
					};
					128027331C5604BA00C76EA6 = {
						CreatedOnToolsVersion = 7.2;
						TestTargetID = 128027141C5604BA00C76EA6;
					};
				};
			};
			buildConfigurationList = 128027101C5604BA00C76EA6 /* Build configuration list for PBXProject "Loyalty" */;
			compatibilityVersion = "Xcode 3.2";
			developmentRegion = English;
			hasScannedForEncodings = 0;
			knownRegions = (
				en,
				Base,
			);
			mainGroup = 1280270C1C5604BA00C76EA6;
			productRefGroup = 128027161C5604BA00C76EA6 /* Products */;
			projectDirPath = "";
			projectRoot = "";
			targets = (
				128027141C5604BA00C76EA6 /* Loyalty */,
				128027281C5604BA00C76EA6 /* LoyaltyTests */,
				128027331C5604BA00C76EA6 /* LoyaltyUITests */,
			);
		};
/* End PBXProject section */

/* Begin PBXResourcesBuildPhase section */
		128027131C5604BA00C76EA6 /* Resources */ = {
			isa = PBXResourcesBuildPhase;
			buildActionMask = 2147483647;
			files = (
				128027231C5604BA00C76EA6 /* LaunchScreen.storyboard in Resources */,
				128027201C5604BA00C76EA6 /* Assets.xcassets in Resources */,
				128027BA1C58DACD00C76EA6 /* ActivityTableViewCell.xib in Resources */,
				128027991C58BD3800C76EA6 /* MessageStoryboard.storyboard in Resources */,
				1280271E1C5604BA00C76EA6 /* Main.storyboard in Resources */,
				1280279D1C58BD9100C76EA6 /* ActivityStoryboard.storyboard in Resources */,
				128027971C58BCED00C76EA6 /* UserCenterStoryboard.storyboard in Resources */,
				128027F51C5A315F00C76EA6 /* LoginAndRegisterStoryboard.storyboard in Resources */,
				1280279B1C58BD6000C76EA6 /* CardStoryboard.storyboard in Resources */,
			);
			runOnlyForDeploymentPostprocessing = 0;
		};
		128027271C5604BA00C76EA6 /* Resources */ = {
			isa = PBXResourcesBuildPhase;
			buildActionMask = 2147483647;
			files = (
			);
			runOnlyForDeploymentPostprocessing = 0;
		};
		128027321C5604BA00C76EA6 /* Resources */ = {
			isa = PBXResourcesBuildPhase;
			buildActionMask = 2147483647;
			files = (
			);
			runOnlyForDeploymentPostprocessing = 0;
		};
/* End PBXResourcesBuildPhase section */

/* Begin PBXShellScriptBuildPhase section */
		27C9F87E0CA25A44D2C27017 /* Check Pods Manifest.lock */ = {
			isa = PBXShellScriptBuildPhase;
			buildActionMask = 2147483647;
			files = (
			);
			inputPaths = (
			);
			name = "Check Pods Manifest.lock";
			outputPaths = (
			);
			runOnlyForDeploymentPostprocessing = 0;
			shellPath = /bin/sh;
			shellScript = "diff \"${PODS_ROOT}/../Podfile.lock\" \"${PODS_ROOT}/Manifest.lock\" > /dev/null\nif [[ $? != 0 ]] ; then\n    cat << EOM\nerror: The sandbox is not in sync with the Podfile.lock. Run 'pod install' or update your CocoaPods installation.\nEOM\n    exit 1\nfi\n";
			showEnvVarsInLog = 0;
		};
		2E2B179105CD17BF8E2073DD /* Copy Pods Resources */ = {
			isa = PBXShellScriptBuildPhase;
			buildActionMask = 2147483647;
			files = (
			);
			inputPaths = (
			);
			name = "Copy Pods Resources";
			outputPaths = (
			);
			runOnlyForDeploymentPostprocessing = 0;
			shellPath = /bin/sh;
			shellScript = "\"${SRCROOT}/Pods/Target Support Files/Pods-Loyalty/Pods-Loyalty-resources.sh\"\n";
			showEnvVarsInLog = 0;
		};
		615F0E56DA8D4D906C848E26 /* Embed Pods Frameworks */ = {
			isa = PBXShellScriptBuildPhase;
			buildActionMask = 2147483647;
			files = (
			);
			inputPaths = (
			);
			name = "Embed Pods Frameworks";
			outputPaths = (
			);
			runOnlyForDeploymentPostprocessing = 0;
			shellPath = /bin/sh;
			shellScript = "\"${SRCROOT}/Pods/Target Support Files/Pods-Loyalty/Pods-Loyalty-frameworks.sh\"\n";
			showEnvVarsInLog = 0;
		};
/* End PBXShellScriptBuildPhase section */

/* Begin PBXSourcesBuildPhase section */
		128027111C5604BA00C76EA6 /* Sources */ = {
			isa = PBXSourcesBuildPhase;
			buildActionMask = 2147483647;
			files = (
				1209023D1C5F6C3E00772CBA /* HUDHelper.swift in Sources */,
				128027CB1C58F43500C76EA6 /* CellReusable.swift in Sources */,
				128027C71C58E75900C76EA6 /* Activity.swift in Sources */,
				127C7FEB1C5B98B10091837D /* UserInfoManager.swift in Sources */,
				127C7FEF1C5B9BF70091837D /* UIButton.swift in Sources */,
				121924591C5A58C300A3D94E /* NSArray.swift in Sources */,
				1280271B1C5604BA00C76EA6 /* ViewController.swift in Sources */,
				1219245A1C5A58C300A3D94E /* NSDate.swift in Sources */,
				128027AC1C58C41B00C76EA6 /* CustomColor.swift in Sources */,
				128027B11C58D6AA00C76EA6 /* Log.swift in Sources */,
				128027A21C58C2C800C76EA6 /* UIImage.swift in Sources */,
				121924531C5A58C300A3D94E /* Character.swift in Sources */,
				128027B91C58DACD00C76EA6 /* ActivityTableViewCell.swift in Sources */,
				121924561C5A58C300A3D94E /* ExSwift.swift in Sources */,
				1219245D1C5A58C300A3D94E /* String.swift in Sources */,
				127C7FED1C5B98B80091837D /* LoginViewController.swift in Sources */,
				1219245C1C5A58C300A3D94E /* Sequence.swift in Sources */,
				128027B51C58DA2500C76EA6 /* ActivityListViewController.swift in Sources */,
				121924511C5A58C300A3D94E /* Array.swift in Sources */,
				121924541C5A58C300A3D94E /* Dictionary.swift in Sources */,
				1219245E1C5A58C300A3D94E /* UIColorExtension.swift in Sources */,
				1280279F1C58C25F00C76EA6 /* AppearanceTool.swift in Sources */,
				121924521C5A58C300A3D94E /* Bool.swift in Sources */,
				128027BF1C58E10400C76EA6 /* ActivityListViewModel.swift in Sources */,
				127C7FE91C5B98930091837D /* RegisterViewController.swift in Sources */,
				128027191C5604BA00C76EA6 /* AppDelegate.swift in Sources */,
				1280274A1C5607C300C76EA6 /* LeanCloudHelper.swift in Sources */,
				128027AE1C58CAEE00C76EA6 /* ActivityRootViewController.swift in Sources */,
				121924571C5A58C300A3D94E /* Float.swift in Sources */,
				121924581C5A58C300A3D94E /* Int.swift in Sources */,
				121924551C5A58C300A3D94E /* Double.swift in Sources */,
				128027C91C58F10300C76EA6 /* UIViewController.swift in Sources */,
				1219245B1C5A58C300A3D94E /* Range.swift in Sources */,
			);
			runOnlyForDeploymentPostprocessing = 0;
		};
		128027251C5604BA00C76EA6 /* Sources */ = {
			isa = PBXSourcesBuildPhase;
			buildActionMask = 2147483647;
			files = (
				1280272E1C5604BA00C76EA6 /* LoyaltyTests.swift in Sources */,
			);
			runOnlyForDeploymentPostprocessing = 0;
		};
		128027301C5604BA00C76EA6 /* Sources */ = {
			isa = PBXSourcesBuildPhase;
			buildActionMask = 2147483647;
			files = (
				128027391C5604BA00C76EA6 /* LoyaltyUITests.swift in Sources */,
			);
			runOnlyForDeploymentPostprocessing = 0;
		};
/* End PBXSourcesBuildPhase section */

/* Begin PBXTargetDependency section */
		1280272B1C5604BA00C76EA6 /* PBXTargetDependency */ = {
			isa = PBXTargetDependency;
			target = 128027141C5604BA00C76EA6 /* Loyalty */;
			targetProxy = 1280272A1C5604BA00C76EA6 /* PBXContainerItemProxy */;
		};
		128027361C5604BA00C76EA6 /* PBXTargetDependency */ = {
			isa = PBXTargetDependency;
			target = 128027141C5604BA00C76EA6 /* Loyalty */;
			targetProxy = 128027351C5604BA00C76EA6 /* PBXContainerItemProxy */;
		};
/* End PBXTargetDependency section */

/* Begin PBXVariantGroup section */
		1280271C1C5604BA00C76EA6 /* Main.storyboard */ = {
			isa = PBXVariantGroup;
			children = (
				1280271D1C5604BA00C76EA6 /* Base */,
			);
			name = Main.storyboard;
			sourceTree = "<group>";
		};
		128027211C5604BA00C76EA6 /* LaunchScreen.storyboard */ = {
			isa = PBXVariantGroup;
			children = (
				128027221C5604BA00C76EA6 /* Base */,
			);
			name = LaunchScreen.storyboard;
			sourceTree = "<group>";
		};
/* End PBXVariantGroup section */

/* Begin XCBuildConfiguration section */
		1280273B1C5604BA00C76EA6 /* Debug */ = {
			isa = XCBuildConfiguration;
			buildSettings = {
				ALWAYS_SEARCH_USER_PATHS = NO;
				CLANG_CXX_LANGUAGE_STANDARD = "gnu++0x";
				CLANG_CXX_LIBRARY = "libc++";
				CLANG_ENABLE_MODULES = YES;
				CLANG_ENABLE_OBJC_ARC = YES;
				CLANG_WARN_BOOL_CONVERSION = YES;
				CLANG_WARN_CONSTANT_CONVERSION = YES;
				CLANG_WARN_DIRECT_OBJC_ISA_USAGE = YES_ERROR;
				CLANG_WARN_EMPTY_BODY = YES;
				CLANG_WARN_ENUM_CONVERSION = YES;
				CLANG_WARN_INT_CONVERSION = YES;
				CLANG_WARN_OBJC_ROOT_CLASS = YES_ERROR;
				CLANG_WARN_UNREACHABLE_CODE = YES;
				CLANG_WARN__DUPLICATE_METHOD_MATCH = YES;
				"CODE_SIGN_IDENTITY[sdk=iphoneos*]" = "iPhone Developer";
				COPY_PHASE_STRIP = NO;
				DEBUG_INFORMATION_FORMAT = dwarf;
				ENABLE_STRICT_OBJC_MSGSEND = YES;
				ENABLE_TESTABILITY = YES;
				GCC_C_LANGUAGE_STANDARD = gnu99;
				GCC_DYNAMIC_NO_PIC = NO;
				GCC_NO_COMMON_BLOCKS = YES;
				GCC_OPTIMIZATION_LEVEL = 0;
				GCC_PREPROCESSOR_DEFINITIONS = (
					"DEBUG=1",
					"$(inherited)",
				);
				GCC_WARN_64_TO_32_BIT_CONVERSION = YES;
				GCC_WARN_ABOUT_RETURN_TYPE = YES_ERROR;
				GCC_WARN_UNDECLARED_SELECTOR = YES;
				GCC_WARN_UNINITIALIZED_AUTOS = YES_AGGRESSIVE;
				GCC_WARN_UNUSED_FUNCTION = YES;
				GCC_WARN_UNUSED_VARIABLE = YES;
				IPHONEOS_DEPLOYMENT_TARGET = 9.2;
				MTL_ENABLE_DEBUG_INFO = YES;
				ONLY_ACTIVE_ARCH = YES;
				SDKROOT = iphoneos;
				SWIFT_OPTIMIZATION_LEVEL = "-Onone";
			};
			name = Debug;
		};
		1280273C1C5604BA00C76EA6 /* Release */ = {
			isa = XCBuildConfiguration;
			buildSettings = {
				ALWAYS_SEARCH_USER_PATHS = NO;
				CLANG_CXX_LANGUAGE_STANDARD = "gnu++0x";
				CLANG_CXX_LIBRARY = "libc++";
				CLANG_ENABLE_MODULES = YES;
				CLANG_ENABLE_OBJC_ARC = YES;
				CLANG_WARN_BOOL_CONVERSION = YES;
				CLANG_WARN_CONSTANT_CONVERSION = YES;
				CLANG_WARN_DIRECT_OBJC_ISA_USAGE = YES_ERROR;
				CLANG_WARN_EMPTY_BODY = YES;
				CLANG_WARN_ENUM_CONVERSION = YES;
				CLANG_WARN_INT_CONVERSION = YES;
				CLANG_WARN_OBJC_ROOT_CLASS = YES_ERROR;
				CLANG_WARN_UNREACHABLE_CODE = YES;
				CLANG_WARN__DUPLICATE_METHOD_MATCH = YES;
				"CODE_SIGN_IDENTITY[sdk=iphoneos*]" = "iPhone Developer";
				COPY_PHASE_STRIP = NO;
				DEBUG_INFORMATION_FORMAT = "dwarf-with-dsym";
				ENABLE_NS_ASSERTIONS = NO;
				ENABLE_STRICT_OBJC_MSGSEND = YES;
				GCC_C_LANGUAGE_STANDARD = gnu99;
				GCC_NO_COMMON_BLOCKS = YES;
				GCC_WARN_64_TO_32_BIT_CONVERSION = YES;
				GCC_WARN_ABOUT_RETURN_TYPE = YES_ERROR;
				GCC_WARN_UNDECLARED_SELECTOR = YES;
				GCC_WARN_UNINITIALIZED_AUTOS = YES_AGGRESSIVE;
				GCC_WARN_UNUSED_FUNCTION = YES;
				GCC_WARN_UNUSED_VARIABLE = YES;
				IPHONEOS_DEPLOYMENT_TARGET = 9.2;
				MTL_ENABLE_DEBUG_INFO = NO;
				SDKROOT = iphoneos;
				VALIDATE_PRODUCT = YES;
			};
			name = Release;
		};
		1280273E1C5604BA00C76EA6 /* Debug */ = {
			isa = XCBuildConfiguration;
			baseConfigurationReference = 5529915222D38804DCFF3E14 /* Pods-Loyalty.debug.xcconfig */;
			buildSettings = {
				ASSETCATALOG_COMPILER_APPICON_NAME = AppIcon;
				INFOPLIST_FILE = Loyalty/Info.plist;
				LD_RUNPATH_SEARCH_PATHS = "$(inherited) @executable_path/Frameworks";
				PRODUCT_BUNDLE_IDENTIFIER = nju.edu.luckymore.Loyalty;
				PRODUCT_NAME = "$(TARGET_NAME)";
			};
			name = Debug;
		};
		1280273F1C5604BA00C76EA6 /* Release */ = {
			isa = XCBuildConfiguration;
			baseConfigurationReference = 4C5E4EFABBD3AD50FA90C4C9 /* Pods-Loyalty.release.xcconfig */;
			buildSettings = {
				ASSETCATALOG_COMPILER_APPICON_NAME = AppIcon;
				INFOPLIST_FILE = Loyalty/Info.plist;
				LD_RUNPATH_SEARCH_PATHS = "$(inherited) @executable_path/Frameworks";
				PRODUCT_BUNDLE_IDENTIFIER = nju.edu.luckymore.Loyalty;
				PRODUCT_NAME = "$(TARGET_NAME)";
			};
			name = Release;
		};
		128027411C5604BA00C76EA6 /* Debug */ = {
			isa = XCBuildConfiguration;
			buildSettings = {
				BUNDLE_LOADER = "$(TEST_HOST)";
				INFOPLIST_FILE = LoyaltyTests/Info.plist;
				LD_RUNPATH_SEARCH_PATHS = "$(inherited) @executable_path/Frameworks @loader_path/Frameworks";
				PRODUCT_BUNDLE_IDENTIFIER = nju.edu.luckymore.LoyaltyTests;
				PRODUCT_NAME = "$(TARGET_NAME)";
				TEST_HOST = "$(BUILT_PRODUCTS_DIR)/Loyalty.app/Loyalty";
			};
			name = Debug;
		};
		128027421C5604BA00C76EA6 /* Release */ = {
			isa = XCBuildConfiguration;
			buildSettings = {
				BUNDLE_LOADER = "$(TEST_HOST)";
				INFOPLIST_FILE = LoyaltyTests/Info.plist;
				LD_RUNPATH_SEARCH_PATHS = "$(inherited) @executable_path/Frameworks @loader_path/Frameworks";
				PRODUCT_BUNDLE_IDENTIFIER = nju.edu.luckymore.LoyaltyTests;
				PRODUCT_NAME = "$(TARGET_NAME)";
				TEST_HOST = "$(BUILT_PRODUCTS_DIR)/Loyalty.app/Loyalty";
			};
			name = Release;
		};
		128027441C5604BA00C76EA6 /* Debug */ = {
			isa = XCBuildConfiguration;
			buildSettings = {
				INFOPLIST_FILE = LoyaltyUITests/Info.plist;
				LD_RUNPATH_SEARCH_PATHS = "$(inherited) @executable_path/Frameworks @loader_path/Frameworks";
				PRODUCT_BUNDLE_IDENTIFIER = nju.edu.luckymore.LoyaltyUITests;
				PRODUCT_NAME = "$(TARGET_NAME)";
				TEST_TARGET_NAME = Loyalty;
				USES_XCTRUNNER = YES;
			};
			name = Debug;
		};
		128027451C5604BA00C76EA6 /* Release */ = {
			isa = XCBuildConfiguration;
			buildSettings = {
				INFOPLIST_FILE = LoyaltyUITests/Info.plist;
				LD_RUNPATH_SEARCH_PATHS = "$(inherited) @executable_path/Frameworks @loader_path/Frameworks";
				PRODUCT_BUNDLE_IDENTIFIER = nju.edu.luckymore.LoyaltyUITests;
				PRODUCT_NAME = "$(TARGET_NAME)";
				TEST_TARGET_NAME = Loyalty;
				USES_XCTRUNNER = YES;
			};
			name = Release;
		};
/* End XCBuildConfiguration section */

/* Begin XCConfigurationList section */
		128027101C5604BA00C76EA6 /* Build configuration list for PBXProject "Loyalty" */ = {
			isa = XCConfigurationList;
			buildConfigurations = (
				1280273B1C5604BA00C76EA6 /* Debug */,
				1280273C1C5604BA00C76EA6 /* Release */,
			);
			defaultConfigurationIsVisible = 0;
			defaultConfigurationName = Release;
		};
		1280273D1C5604BA00C76EA6 /* Build configuration list for PBXNativeTarget "Loyalty" */ = {
			isa = XCConfigurationList;
			buildConfigurations = (
				1280273E1C5604BA00C76EA6 /* Debug */,
				1280273F1C5604BA00C76EA6 /* Release */,
			);
			defaultConfigurationIsVisible = 0;
			defaultConfigurationName = Release;
		};
		128027401C5604BA00C76EA6 /* Build configuration list for PBXNativeTarget "LoyaltyTests" */ = {
			isa = XCConfigurationList;
			buildConfigurations = (
				128027411C5604BA00C76EA6 /* Debug */,
				128027421C5604BA00C76EA6 /* Release */,
			);
			defaultConfigurationIsVisible = 0;
			defaultConfigurationName = Release;
		};
		128027431C5604BA00C76EA6 /* Build configuration list for PBXNativeTarget "LoyaltyUITests" */ = {
			isa = XCConfigurationList;
			buildConfigurations = (
				128027441C5604BA00C76EA6 /* Debug */,
				128027451C5604BA00C76EA6 /* Release */,
			);
			defaultConfigurationIsVisible = 0;
			defaultConfigurationName = Release;
		};
/* End XCConfigurationList section */
	};
	rootObject = 1280270D1C5604BA00C76EA6 /* Project object */;
}
